
Microsoft Visual Studio Solution File, Format Version 12.00
# Visual Studio Version 16
VisualStudioVersion = 16.0.29424.173
MinimumVisualStudioVersion = 10.0.40219.1
Project("{FAE04EC0-301F-11D3-BF4B-00C04F79EFBC}") = "ListExtra", "ListExtra\ListExtra.csproj", "{49F063B8-C24C-423D-9BA6-361E59AB8ACC}"
EndProject
Global
	GlobalSection(SolutionConfigurationPlatforms) = preSolution
		Debug|Any CPU = Debug|Any CPU
		Release|Any CPU = Release|Any CPU
	EndGlobalSection
	GlobalSection(ProjectConfigurationPlatforms) = postSolution
		{49F063B8-C24C-423D-9BA6-361E59AB8ACC}.Debug|Any CPU.ActiveCfg = Debug|Any CPU
		{49F063B8-C24C-423D-9BA6-361E59AB8ACC}.Debug|Any CPU.Build.0 = Debug|Any CPU
		{49F063B8-C24C-423D-9BA6-361E59AB8ACC}.Release|Any CPU.ActiveCfg = Release|Any CPU
		{49F063B8-C24C-423D-9BA6-361E59AB8ACC}.Release|Any CPU.Build.0 = Release|Any CPU
	EndGlobalSection
	GlobalSection(SolutionProperties) = preSolution
		HideSolutionNode = FALSE
	EndGlobalSection
	GlobalSection(ExtensibilityGlobals) = postSolution
		SolutionGuid = {CBB04F51-273F-4FC0-82FF-75FFC97DDB6B}
	EndGlobalSection
EndGlobal
