
Microsoft Visual Studio Solution File, Format Version 12.00
# Visual Studio Version 16
VisualStudioVersion = 16.0.29424.173
MinimumVisualStudioVersion = 10.0.40219.1
Project("{FAE04EC0-301F-11D3-BF4B-00C04F79EFBC}") = "IEnumerableMethod", "IEnumerableMethod\IEnumerableMethod.csproj", "{44BFA69D-4F5E-4C29-9642-A71015AFFD8F}"
EndProject
Project("{FAE04EC0-301F-11D3-BF4B-00C04F79EFBC}") = "IListDemo", "IListDemo\IListDemo.csproj", "{EE3976C3-084B-4684-8223-59607820F784}"
EndProject
Global
	GlobalSection(SolutionConfigurationPlatforms) = preSolution
		Debug|Any CPU = Debug|Any CPU
		Release|Any CPU = Release|Any CPU
	EndGlobalSection
	GlobalSection(ProjectConfigurationPlatforms) = postSolution
		{44BFA69D-4F5E-4C29-9642-A71015AFFD8F}.Debug|Any CPU.ActiveCfg = Debug|Any CPU
		{44BFA69D-4F5E-4C29-9642-A71015AFFD8F}.Debug|Any CPU.Build.0 = Debug|Any CPU
		{44BFA69D-4F5E-4C29-9642-A71015AFFD8F}.Release|Any CPU.ActiveCfg = Release|Any CPU
		{44BFA69D-4F5E-4C29-9642-A71015AFFD8F}.Release|Any CPU.Build.0 = Release|Any CPU
		{EE3976C3-084B-4684-8223-59607820F784}.Debug|Any CPU.ActiveCfg = Debug|Any CPU
		{EE3976C3-084B-4684-8223-59607820F784}.Debug|Any CPU.Build.0 = Debug|Any CPU
		{EE3976C3-084B-4684-8223-59607820F784}.Release|Any CPU.ActiveCfg = Release|Any CPU
		{EE3976C3-084B-4684-8223-59607820F784}.Release|Any CPU.Build.0 = Release|Any CPU
	EndGlobalSection
	GlobalSection(SolutionProperties) = preSolution
		HideSolutionNode = FALSE
	EndGlobalSection
	GlobalSection(ExtensibilityGlobals) = postSolution
		SolutionGuid = {CBBAE143-1291-4F6B-9BEE-38EA48C7B198}
	EndGlobalSection
EndGlobal
