
Microsoft Visual Studio Solution File, Format Version 12.00
# Visual Studio Version 16
VisualStudioVersion = 16.0.29326.143
MinimumVisualStudioVersion = 10.0.40219.1
Project("{FAE04EC0-301F-11D3-BF4B-00C04F79EFBC}") = "cs_variables", "cs_variables\cs_variables.csproj", "{7DA2A8CA-AFC9-4280-AA13-0AFBF96E1A33}"
EndProject
Global
	GlobalSection(SolutionConfigurationPlatforms) = preSolution
		Debug|Any CPU = Debug|Any CPU
		Release|Any CPU = Release|Any CPU
	EndGlobalSection
	GlobalSection(ProjectConfigurationPlatforms) = postSolution
		{7DA2A8CA-AFC9-4280-AA13-0AFBF96E1A33}.Debug|Any CPU.ActiveCfg = Debug|Any CPU
		{7DA2A8CA-AFC9-4280-AA13-0AFBF96E1A33}.Debug|Any CPU.Build.0 = Debug|Any CPU
		{7DA2A8CA-AFC9-4280-AA13-0AFBF96E1A33}.Release|Any CPU.ActiveCfg = Release|Any CPU
		{7DA2A8CA-AFC9-4280-AA13-0AFBF96E1A33}.Release|Any CPU.Build.0 = Release|Any CPU
	EndGlobalSection
	GlobalSection(SolutionProperties) = preSolution
		HideSolutionNode = FALSE
	EndGlobalSection
	GlobalSection(ExtensibilityGlobals) = postSolution
		SolutionGuid = {948C42DC-9048-4E5B-9808-21FE2C2E250A}
	EndGlobalSection
EndGlobal
