
Microsoft Visual Studio Solution File, Format Version 12.00
# Visual Studio Version 16
VisualStudioVersion = 16.0.29424.173
MinimumVisualStudioVersion = 10.0.40219.1
Project("{FAE04EC0-301F-11D3-BF4B-00C04F79EFBC}") = "Dolfijnenrace", "Dolfijnenrace\Dolfijnenrace.csproj", "{89B8D439-7969-4808-92DF-2C4B780A276A}"
EndProject
Global
	GlobalSection(SolutionConfigurationPlatforms) = preSolution
		Debug|Any CPU = Debug|Any CPU
		Release|Any CPU = Release|Any CPU
	EndGlobalSection
	GlobalSection(ProjectConfigurationPlatforms) = postSolution
		{89B8D439-7969-4808-92DF-2C4B780A276A}.Debug|Any CPU.ActiveCfg = Debug|Any CPU
		{89B8D439-7969-4808-92DF-2C4B780A276A}.Debug|Any CPU.Build.0 = Debug|Any CPU
		{89B8D439-7969-4808-92DF-2C4B780A276A}.Release|Any CPU.ActiveCfg = Release|Any CPU
		{89B8D439-7969-4808-92DF-2C4B780A276A}.Release|Any CPU.Build.0 = Release|Any CPU
	EndGlobalSection
	GlobalSection(SolutionProperties) = preSolution
		HideSolutionNode = FALSE
	EndGlobalSection
	GlobalSection(ExtensibilityGlobals) = postSolution
		SolutionGuid = {E0C293ED-051A-4E6D-AA01-933689B956BF}
	EndGlobalSection
EndGlobal
